// !$*UTF8*$!
{
	archiveVersion = 1;
	classes = {
	};
	objectVersion = 56;
	objects = {

/* Begin PBXBuildFile section */
		253B7EA82BA266D2002C190E /* N1L2App.swift in Sources */ = {isa = PBXBuildFile; fileRef = 253B7EA72BA266D2002C190E /* N1L2App.swift */; };
		253B7EAA2BA266D2002C190E /* ContentView.swift in Sources */ = {isa = PBXBuildFile; fileRef = 253B7EA92BA266D2002C190E /* ContentView.swift */; };
		253B7EAC2BA266DC002C190E /* Assets.xcassets in Resources */ = {isa = PBXBuildFile; fileRef = 253B7EAB2BA266DC002C190E /* Assets.xcassets */; };
		253B7EAF2BA266DC002C190E /* Preview Assets.xcassets in Resources */ = {isa = PBXBuildFile; fileRef = 253B7EAE2BA266DC002C190E /* Preview Assets.xcassets */; };
		253B7EB92BA266DD002C190E /* N1L2Tests.swift in Sources */ = {isa = PBXBuildFile; fileRef = 253B7EB82BA266DD002C190E /* N1L2Tests.swift */; };
		253B7EC32BA266DD002C190E /* N1L2UITests.swift in Sources */ = {isa = PBXBuildFile; fileRef = 253B7EC22BA266DD002C190E /* N1L2UITests.swift */; };
		253B7EC52BA266DD002C190E /* N1L2UITestsLaunchTests.swift in Sources */ = {isa = PBXBuildFile; fileRef = 253B7EC42BA266DD002C190E /* N1L2UITestsLaunchTests.swift */; };
/* End PBXBuildFile section */

/* Begin PBXContainerItemProxy section */
		253B7EB52BA266DD002C190E /* PBXContainerItemProxy */ = {
			isa = PBXContainerItemProxy;
			containerPortal = 253B7E9C2BA266D2002C190E /* Project object */;
			proxyType = 1;
			remoteGlobalIDString = 253B7EA32BA266D2002C190E;
			remoteInfo = N1L2;
		};
		253B7EBF2BA266DD002C190E /* PBXContainerItemProxy */ = {
			isa = PBXContainerItemProxy;
			containerPortal = 253B7E9C2BA266D2002C190E /* Project object */;
			proxyType = 1;
			remoteGlobalIDString = 253B7EA32BA266D2002C190E;
			remoteInfo = N1L2;
		};
/* End PBXContainerItemProxy section */

/* Begin PBXFileReference section */
		253B7EA42BA266D2002C190E /* N1L2.app */ = {isa = PBXFileReference; explicitFileType = wrapper.application; includeInIndex = 0; path = N1L2.app; sourceTree = BUILT_PRODUCTS_DIR; };
		253B7EA72BA266D2002C190E /* N1L2App.swift */ = {isa = PBXFileReference; lastKnownFileType = sourcecode.swift; path = N1L2App.swift; sourceTree = "<group>"; };
		253B7EA92BA266D2002C190E /* ContentView.swift */ = {isa = PBXFileReference; lastKnownFileType = sourcecode.swift; path = ContentView.swift; sourceTree = "<group>"; };
		253B7EAB2BA266DC002C190E /* Assets.xcassets */ = {isa = PBXFileReference; lastKnownFileType = folder.assetcatalog; path = Assets.xcassets; sourceTree = "<group>"; };
		253B7EAE2BA266DC002C190E /* Preview Assets.xcassets */ = {isa = PBXFileReference; lastKnownFileType = folder.assetcatalog; path = "Preview Assets.xcassets"; sourceTree = "<group>"; };
		253B7EB42BA266DD002C190E /* N1L2Tests.xctest */ = {isa = PBXFileReference; explicitFileType = wrapper.cfbundle; includeInIndex = 0; path = N1L2Tests.xctest; sourceTree = BUILT_PRODUCTS_DIR; };
		253B7EB82BA266DD002C190E /* N1L2Tests.swift */ = {isa = PBXFileReference; lastKnownFileType = sourcecode.swift; path = N1L2Tests.swift; sourceTree = "<group>"; };
		253B7EBE2BA266DD002C190E /* N1L2UITests.xctest */ = {isa = PBXFileReference; explicitFileType = wrapper.cfbundle; includeInIndex = 0; path = N1L2UITests.xctest; sourceTree = BUILT_PRODUCTS_DIR; };
		253B7EC22BA266DD002C190E /* N1L2UITests.swift */ = {isa = PBXFileReference; lastKnownFileType = sourcecode.swift; path = N1L2UITests.swift; sourceTree = "<group>"; };
		253B7EC42BA266DD002C190E /* N1L2UITestsLaunchTests.swift */ = {isa = PBXFileReference; lastKnownFileType = sourcecode.swift; path = N1L2UITestsLaunchTests.swift; sourceTree = "<group>"; };
/* End PBXFileReference section */

/* Begin PBXFrameworksBuildPhase section */
		253B7EA12BA266D2002C190E /* Frameworks */ = {
			isa = PBXFrameworksBuildPhase;
			buildActionMask = 2147483647;
			files = (
			);
			runOnlyForDeploymentPostprocessing = 0;
		};
		253B7EB12BA266DD002C190E /* Frameworks */ = {
			isa = PBXFrameworksBuildPhase;
			buildActionMask = 2147483647;
			files = (
			);
			runOnlyForDeploymentPostprocessing = 0;
		};
		253B7EBB2BA266DD002C190E /* Frameworks */ = {
			isa = PBXFrameworksBuildPhase;
			buildActionMask = 2147483647;
			files = (
			);
			runOnlyForDeploymentPostprocessing = 0;
		};
/* End PBXFrameworksBuildPhase section */

/* Begin PBXGroup section */
		253B7E9B2BA266D2002C190E = {
			isa = PBXGroup;
			children = (
				253B7EA62BA266D2002C190E /* N1L2 */,
				253B7EB72BA266DD002C190E /* N1L2Tests */,
				253B7EC12BA266DD002C190E /* N1L2UITests */,
				253B7EA52BA266D2002C190E /* Products */,
			);
			sourceTree = "<group>";
		};
		253B7EA52BA266D2002C190E /* Products */ = {
			isa = PBXGroup;
			children = (
				253B7EA42BA266D2002C190E /* N1L2.app */,
				253B7EB42BA266DD002C190E /* N1L2Tests.xctest */,
				253B7EBE2BA266DD002C190E /* N1L2UITests.xctest */,
			);
			name = Products;
			sourceTree = "<group>";
		};
		253B7EA62BA266D2002C190E /* N1L2 */ = {
			isa = PBXGroup;
			children = (
				253B7EA72BA266D2002C190E /* N1L2App.swift */,
				253B7EA92BA266D2002C190E /* ContentView.swift */,
				253B7EAB2BA266DC002C190E /* Assets.xcassets */,
				253B7EAD2BA266DC002C190E /* Preview Content */,
			);
			path = N1L2;
			sourceTree = "<group>";
		};
		253B7EAD2BA266DC002C190E /* Preview Content */ = {
			isa = PBXGroup;
			children = (
				253B7EAE2BA266DC002C190E /* Preview Assets.xcassets */,
			);
			path = "Preview Content";
			sourceTree = "<group>";
		};
		253B7EB72BA266DD002C190E /* N1L2Tests */ = {
			isa = PBXGroup;
			children = (
				253B7EB82BA266DD002C190E /* N1L2Tests.swift */,
			);
			path = N1L2Tests;
			sourceTree = "<group>";
		};
		253B7EC12BA266DD002C190E /* N1L2UITests */ = {
			isa = PBXGroup;
			children = (
				253B7EC22BA266DD002C190E /* N1L2UITests.swift */,
				253B7EC42BA266DD002C190E /* N1L2UITestsLaunchTests.swift */,
			);
			path = N1L2UITests;
			sourceTree = "<group>";
		};
/* End PBXGroup section */

/* Begin PBXNativeTarget section */
		253B7EA32BA266D2002C190E /* N1L2 */ = {
			isa = PBXNativeTarget;
			buildConfigurationList = 253B7EC82BA266DD002C190E /* Build configuration list for PBXNativeTarget "N1L2" */;
			buildPhases = (
				253B7EA02BA266D2002C190E /* Sources */,
				253B7EA12BA266D2002C190E /* Frameworks */,
				253B7EA22BA266D2002C190E /* Resources */,
			);
			buildRules = (
			);
			dependencies = (
			);
			name = N1L2;
			productName = N1L2;
			productReference = 253B7EA42BA266D2002C190E /* N1L2.app */;
			productType = "com.apple.product-type.application";
		};
		253B7EB32BA266DD002C190E /* N1L2Tests */ = {
			isa = PBXNativeTarget;
			buildConfigurationList = 253B7ECB2BA266DD002C190E /* Build configuration list for PBXNativeTarget "N1L2Tests" */;
			buildPhases = (
				253B7EB02BA266DD002C190E /* Sources */,
				253B7EB12BA266DD002C190E /* Frameworks */,
				253B7EB22BA266DD002C190E /* Resources */,
			);
			buildRules = (
			);
			dependencies = (
				253B7EB62BA266DD002C190E /* PBXTargetDependency */,
			);
			name = N1L2Tests;
			productName = N1L2Tests;
			productReference = 253B7EB42BA266DD002C190E /* N1L2Tests.xctest */;
			productType = "com.apple.product-type.bundle.unit-test";
		};
		253B7EBD2BA266DD002C190E /* N1L2UITests */ = {
			isa = PBXNativeTarget;
			buildConfigurationList = 253B7ECE2BA266DD002C190E /* Build configuration list for PBXNativeTarget "N1L2UITests" */;
			buildPhases = (
				253B7EBA2BA266DD002C190E /* Sources */,
				253B7EBB2BA266DD002C190E /* Frameworks */,
				253B7EBC2BA266DD002C190E /* Resources */,
			);
			buildRules = (
			);
			dependencies = (
				253B7EC02BA266DD002C190E /* PBXTargetDependency */,
			);
			name = N1L2UITests;
			productName = N1L2UITests;
			productReference = 253B7EBE2BA266DD002C190E /* N1L2UITests.xctest */;
			productType = "com.apple.product-type.bundle.ui-testing";
		};
/* End PBXNativeTarget section */

/* Begin PBXProject section */
		253B7E9C2BA266D2002C190E /* Project object */ = {
			isa = PBXProject;
			attributes = {
				BuildIndependentTargetsInParallel = 1;
				LastSwiftUpdateCheck = 1530;
				LastUpgradeCheck = 1530;
				TargetAttributes = {
					253B7EA32BA266D2002C190E = {
						CreatedOnToolsVersion = 15.3;
					};
					253B7EB32BA266DD002C190E = {
						CreatedOnToolsVersion = 15.3;
						TestTargetID = 253B7EA32BA266D2002C190E;
					};
					253B7EBD2BA266DD002C190E = {
						CreatedOnToolsVersion = 15.3;
						TestTargetID = 253B7EA32BA266D2002C190E;
					};
				};
			};
			buildConfigurationList = 253B7E9F2BA266D2002C190E /* Build configuration list for PBXProject "N1L2" */;
			compatibilityVersion = "Xcode 14.0";
			developmentRegion = en;
			hasScannedForEncodings = 0;
			knownRegions = (
				en,
				Base,
			);
			mainGroup = 253B7E9B2BA266D2002C190E;
			productRefGroup = 253B7EA52BA266D2002C190E /* Products */;
			projectDirPath = "";
			projectRoot = "";
			targets = (
				253B7EA32BA266D2002C190E /* N1L2 */,
				253B7EB32BA266DD002C190E /* N1L2Tests */,
				253B7EBD2BA266DD002C190E /* N1L2UITests */,
			);
		};
/* End PBXProject section */

/* Begin PBXResourcesBuildPhase section */
		253B7EA22BA266D2002C190E /* Resources */ = {
			isa = PBXResourcesBuildPhase;
			buildActionMask = 2147483647;
			files = (
				253B7EAF2BA266DC002C190E /* Preview Assets.xcassets in Resources */,
				253B7EAC2BA266DC002C190E /* Assets.xcassets in Resources */,
			);
			runOnlyForDeploymentPostprocessing = 0;
		};
		253B7EB22BA266DD002C190E /* Resources */ = {
			isa = PBXResourcesBuildPhase;
			buildActionMask = 2147483647;
			files = (
			);
			runOnlyForDeploymentPostprocessing = 0;
		};
		253B7EBC2BA266DD002C190E /* Resources */ = {
			isa = PBXResourcesBuildPhase;
			buildActionMask = 2147483647;
			files = (
			);
			runOnlyForDeploymentPostprocessing = 0;
		};
/* End PBXResourcesBuildPhase section */

/* Begin PBXSourcesBuildPhase section */
		253B7EA02BA266D2002C190E /* Sources */ = {
			isa = PBXSourcesBuildPhase;
			buildActionMask = 2147483647;
			files = (
				253B7EAA2BA266D2002C190E /* ContentView.swift in Sources */,
				253B7EA82BA266D2002C190E /* N1L2App.swift in Sources */,
			);
			runOnlyForDeploymentPostprocessing = 0;
		};
		253B7EB02BA266DD002C190E /* Sources */ = {
			isa = PBXSourcesBuildPhase;
			buildActionMask = 2147483647;
			files = (
				253B7EB92BA266DD002C190E /* N1L2Tests.swift in Sources */,
			);
			runOnlyForDeploymentPostprocessing = 0;
		};
		253B7EBA2BA266DD002C190E /* Sources */ = {
			isa = PBXSourcesBuildPhase;
			buildActionMask = 2147483647;
			files = (
				253B7EC32BA266DD002C190E /* N1L2UITests.swift in Sources */,
				253B7EC52BA266DD002C190E /* N1L2UITestsLaunchTests.swift in Sources */,
			);
			runOnlyForDeploymentPostprocessing = 0;
		};
/* End PBXSourcesBuildPhase section */

/* Begin PBXTargetDependency section */
		253B7EB62BA266DD002C190E /* PBXTargetDependency */ = {
			isa = PBXTargetDependency;
			target = 253B7EA32BA266D2002C190E /* N1L2 */;
			targetProxy = 253B7EB52BA266DD002C190E /* PBXContainerItemProxy */;
		};
		253B7EC02BA266DD002C190E /* PBXTargetDependency */ = {
			isa = PBXTargetDependency;
			target = 253B7EA32BA266D2002C190E /* N1L2 */;
			targetProxy = 253B7EBF2BA266DD002C190E /* PBXContainerItemProxy */;
		};
/* End PBXTargetDependency section */

/* Begin XCBuildConfiguration section */
		253B7EC62BA266DD002C190E /* Debug */ = {
			isa = XCBuildConfiguration;
			buildSettings = {
				ALWAYS_SEARCH_USER_PATHS = NO;
				ASSETCATALOG_COMPILER_GENERATE_SWIFT_ASSET_SYMBOL_EXTENSIONS = YES;
				CLANG_ANALYZER_NONNULL = YES;
				CLANG_ANALYZER_NUMBER_OBJECT_CONVERSION = YES_AGGRESSIVE;
				CLANG_CXX_LANGUAGE_STANDARD = "gnu++20";
				CLANG_ENABLE_MODULES = YES;
				CLANG_ENABLE_OBJC_ARC = YES;
				CLANG_ENABLE_OBJC_WEAK = YES;
				CLANG_WARN_BLOCK_CAPTURE_AUTORELEASING = YES;
				CLANG_WARN_BOOL_CONVERSION = YES;
				CLANG_WARN_COMMA = YES;
				CLANG_WARN_CONSTANT_CONVERSION = YES;
				CLANG_WARN_DEPRECATED_OBJC_IMPLEMENTATIONS = YES;
				CLANG_WARN_DIRECT_OBJC_ISA_USAGE = YES_ERROR;
				CLANG_WARN_DOCUMENTATION_COMMENTS = YES;
				CLANG_WARN_EMPTY_BODY = YES;
				CLANG_WARN_ENUM_CONVERSION = YES;
				CLANG_WARN_INFINITE_RECURSION = YES;
				CLANG_WARN_INT_CONVERSION = YES;
				CLANG_WARN_NON_LITERAL_NULL_CONVERSION = YES;
				CLANG_WARN_OBJC_IMPLICIT_RETAIN_SELF = YES;
				CLANG_WARN_OBJC_LITERAL_CONVERSION = YES;
				CLANG_WARN_OBJC_ROOT_CLASS = YES_ERROR;
				CLANG_WARN_QUOTED_INCLUDE_IN_FRAMEWORK_HEADER = YES;
				CLANG_WARN_RANGE_LOOP_ANALYSIS = YES;
				CLANG_WARN_STRICT_PROTOTYPES = YES;
				CLANG_WARN_SUSPICIOUS_MOVE = YES;
				CLANG_WARN_UNGUARDED_AVAILABILITY = YES_AGGRESSIVE;
				CLANG_WARN_UNREACHABLE_CODE = YES;
				CLANG_WARN__DUPLICATE_METHOD_MATCH = YES;
				COPY_PHASE_STRIP = NO;
				DEBUG_INFORMATION_FORMAT = dwarf;
				ENABLE_STRICT_OBJC_MSGSEND = YES;
				ENABLE_TESTABILITY = YES;
				ENABLE_USER_SCRIPT_SANDBOXING = YES;
				GCC_C_LANGUAGE_STANDARD = gnu17;
				GCC_DYNAMIC_NO_PIC = NO;
				GCC_NO_COMMON_BLOCKS = YES;
				GCC_OPTIMIZATION_LEVEL = 0;
				GCC_PREPROCESSOR_DEFINITIONS = (
					"DEBUG=1",
					"$(inherited)",
				);
				GCC_WARN_64_TO_32_BIT_CONVERSION = YES;
				GCC_WARN_ABOUT_RETURN_TYPE = YES_ERROR;
				GCC_WARN_UNDECLARED_SELECTOR = YES;
				GCC_WARN_UNINITIALIZED_AUTOS = YES_AGGRESSIVE;
				GCC_WARN_UNUSED_FUNCTION = YES;
				GCC_WARN_UNUSED_VARIABLE = YES;
				IPHONEOS_DEPLOYMENT_TARGET = 17.4;
				LOCALIZATION_PREFERS_STRING_CATALOGS = YES;
				MTL_ENABLE_DEBUG_INFO = INCLUDE_SOURCE;
				MTL_FAST_MATH = YES;
				ONLY_ACTIVE_ARCH = YES;
				SDKROOT = iphoneos;
				SWIFT_ACTIVE_COMPILATION_CONDITIONS = "DEBUG $(inherited)";
				SWIFT_OPTIMIZATION_LEVEL = "-Onone";
			};
			name = Debug;
		};
		253B7EC72BA266DD002C190E /* Release */ = {
			isa = XCBuildConfiguration;
			buildSettings = {
				ALWAYS_SEARCH_USER_PATHS = NO;
				ASSETCATALOG_COMPILER_GENERATE_SWIFT_ASSET_SYMBOL_EXTENSIONS = YES;
				CLANG_ANALYZER_NONNULL = YES;
				CLANG_ANALYZER_NUMBER_OBJECT_CONVERSION = YES_AGGRESSIVE;
				CLANG_CXX_LANGUAGE_STANDARD = "gnu++20";
				CLANG_ENABLE_MODULES = YES;
				CLANG_ENABLE_OBJC_ARC = YES;
				CLANG_ENABLE_OBJC_WEAK = YES;
				CLANG_WARN_BLOCK_CAPTURE_AUTORELEASING = YES;
				CLANG_WARN_BOOL_CONVERSION = YES;
				CLANG_WARN_COMMA = YES;
				CLANG_WARN_CONSTANT_CONVERSION = YES;
				CLANG_WARN_DEPRECATED_OBJC_IMPLEMENTATIONS = YES;
				CLANG_WARN_DIRECT_OBJC_ISA_USAGE = YES_ERROR;
				CLANG_WARN_DOCUMENTATION_COMMENTS = YES;
				CLANG_WARN_EMPTY_BODY = YES;
				CLANG_WARN_ENUM_CONVERSION = YES;
				CLANG_WARN_INFINITE_RECURSION = YES;
				CLANG_WARN_INT_CONVERSION = YES;
				CLANG_WARN_NON_LITERAL_NULL_CONVERSION = YES;
				CLANG_WARN_OBJC_IMPLICIT_RETAIN_SELF = YES;
				CLANG_WARN_OBJC_LITERAL_CONVERSION = YES;
				CLANG_WARN_OBJC_ROOT_CLASS = YES_ERROR;
				CLANG_WARN_QUOTED_INCLUDE_IN_FRAMEWORK_HEADER = YES;
				CLANG_WARN_RANGE_LOOP_ANALYSIS = YES;
				CLANG_WARN_STRICT_PROTOTYPES = YES;
				CLANG_WARN_SUSPICIOUS_MOVE = YES;
				CLANG_WARN_UNGUARDED_AVAILABILITY = YES_AGGRESSIVE;
				CLANG_WARN_UNREACHABLE_CODE = YES;
				CLANG_WARN__DUPLICATE_METHOD_MATCH = YES;
				COPY_PHASE_STRIP = NO;
				DEBUG_INFORMATION_FORMAT = "dwarf-with-dsym";
				ENABLE_NS_ASSERTIONS = NO;
				ENABLE_STRICT_OBJC_MSGSEND = YES;
				ENABLE_USER_SCRIPT_SANDBOXING = YES;
				GCC_C_LANGUAGE_STANDARD = gnu17;
				GCC_NO_COMMON_BLOCKS = YES;
				GCC_WARN_64_TO_32_BIT_CONVERSION = YES;
				GCC_WARN_ABOUT_RETURN_TYPE = YES_ERROR;
				GCC_WARN_UNDECLARED_SELECTOR = YES;
				GCC_WARN_UNINITIALIZED_AUTOS = YES_AGGRESSIVE;
				GCC_WARN_UNUSED_FUNCTION = YES;
				GCC_WARN_UNUSED_VARIABLE = YES;
				IPHONEOS_DEPLOYMENT_TARGET = 17.4;
				LOCALIZATION_PREFERS_STRING_CATALOGS = YES;
				MTL_ENABLE_DEBUG_INFO = NO;
				MTL_FAST_MATH = YES;
				SDKROOT = iphoneos;
				SWIFT_COMPILATION_MODE = wholemodule;
				VALIDATE_PRODUCT = YES;
			};
			name = Release;
		};
		253B7EC92BA266DD002C190E /* Debug */ = {
			isa = XCBuildConfiguration;
			buildSettings = {
				ASSETCATALOG_COMPILER_APPICON_NAME = AppIcon;
				ASSETCATALOG_COMPILER_GLOBAL_ACCENT_COLOR_NAME = AccentColor;
				CODE_SIGN_STYLE = Automatic;
				CURRENT_PROJECT_VERSION = 1;
				DEVELOPMENT_ASSET_PATHS = "\"N1L2/Preview Content\"";
				DEVELOPMENT_TEAM = W99RD333GT;
				ENABLE_PREVIEWS = YES;
				GENERATE_INFOPLIST_FILE = YES;
				INFOPLIST_KEY_UIApplicationSceneManifest_Generation = YES;
				INFOPLIST_KEY_UIApplicationSupportsIndirectInputEvents = YES;
				INFOPLIST_KEY_UILaunchScreen_Generation = YES;
				INFOPLIST_KEY_UISupportedInterfaceOrientations_iPad = "UIInterfaceOrientationPortrait UIInterfaceOrientationPortraitUpsideDown UIInterfaceOrientationLandscapeLeft UIInterfaceOrientationLandscapeRight";
				INFOPLIST_KEY_UISupportedInterfaceOrientations_iPhone = "UIInterfaceOrientationPortrait UIInterfaceOrientationLandscapeLeft UIInterfaceOrientationLandscapeRight";
				LD_RUNPATH_SEARCH_PATHS = (
					"$(inherited)",
					"@executable_path/Frameworks",
				);
				MARKETING_VERSION = 1.0;
				PRODUCT_BUNDLE_IDENTIFIER = DarkMoon.N1L2;
				PRODUCT_NAME = "$(TARGET_NAME)";
				SWIFT_EMIT_LOC_STRINGS = YES;
				SWIFT_VERSION = 5.0;
				TARGETED_DEVICE_FAMILY = "1,2";
			};
			name = Debug;
		};
		253B7ECA2BA266DD002C190E /* Release */ = {
			isa = XCBuildConfiguration;
			buildSettings = {
				ASSETCATALOG_COMPILER_APPICON_NAME = AppIcon;
				ASSETCATALOG_COMPILER_GLOBAL_ACCENT_COLOR_NAME = AccentColor;
				CODE_SIGN_STYLE = Automatic;
				CURRENT_PROJECT_VERSION = 1;
				DEVELOPMENT_ASSET_PATHS = "\"N1L2/Preview Content\"";
				DEVELOPMENT_TEAM = W99RD333GT;
				ENABLE_PREVIEWS = YES;
				GENERATE_INFOPLIST_FILE = YES;
				INFOPLIST_KEY_UIApplicationSceneManifest_Generation = YES;
				INFOPLIST_KEY_UIApplicationSupportsIndirectInputEvents = YES;
				INFOPLIST_KEY_UILaunchScreen_Generation = YES;
				INFOPLIST_KEY_UISupportedInterfaceOrientations_iPad = "UIInterfaceOrientationPortrait UIInterfaceOrientationPortraitUpsideDown UIInterfaceOrientationLandscapeLeft UIInterfaceOrientationLandscapeRight";
				INFOPLIST_KEY_UISupportedInterfaceOrientations_iPhone = "UIInterfaceOrientationPortrait UIInterfaceOrientationLandscapeLeft UIInterfaceOrientationLandscapeRight";
				LD_RUNPATH_SEARCH_PATHS = (
					"$(inherited)",
					"@executable_path/Frameworks",
				);
				MARKETING_VERSION = 1.0;
				PRODUCT_BUNDLE_IDENTIFIER = DarkMoon.N1L2;
				PRODUCT_NAME = "$(TARGET_NAME)";
				SWIFT_EMIT_LOC_STRINGS = YES;
				SWIFT_VERSION = 5.0;
				TARGETED_DEVICE_FAMILY = "1,2";
			};
			name = Release;
		};
		253B7ECC2BA266DD002C190E /* Debug */ = {
			isa = XCBuildConfiguration;
			buildSettings = {
				ALWAYS_EMBED_SWIFT_STANDARD_LIBRARIES = YES;
				BUNDLE_LOADER = "$(TEST_HOST)";
				CODE_SIGN_STYLE = Automatic;
				CURRENT_PROJECT_VERSION = 1;
				DEVELOPMENT_TEAM = W99RD333GT;
				GENERATE_INFOPLIST_FILE = YES;
				IPHONEOS_DEPLOYMENT_TARGET = 17.4;
				MARKETING_VERSION = 1.0;
				PRODUCT_BUNDLE_IDENTIFIER = DarkMoon.N1L2Tests;
				PRODUCT_NAME = "$(TARGET_NAME)";
				SWIFT_EMIT_LOC_STRINGS = NO;
				SWIFT_VERSION = 5.0;
				TARGETED_DEVICE_FAMILY = "1,2";
				TEST_HOST = "$(BUILT_PRODUCTS_DIR)/N1L2.app/$(BUNDLE_EXECUTABLE_FOLDER_PATH)/N1L2";
			};
			name = Debug;
		};
		253B7ECD2BA266DD002C190E /* Release */ = {
			isa = XCBuildConfiguration;
			buildSettings = {
				ALWAYS_EMBED_SWIFT_STANDARD_LIBRARIES = YES;
				BUNDLE_LOADER = "$(TEST_HOST)";
				CODE_SIGN_STYLE = Automatic;
				CURRENT_PROJECT_VERSION = 1;
				DEVELOPMENT_TEAM = W99RD333GT;
				GENERATE_INFOPLIST_FILE = YES;
				IPHONEOS_DEPLOYMENT_TARGET = 17.4;
				MARKETING_VERSION = 1.0;
				PRODUCT_BUNDLE_IDENTIFIER = DarkMoon.N1L2Tests;
				PRODUCT_NAME = "$(TARGET_NAME)";
				SWIFT_EMIT_LOC_STRINGS = NO;
				SWIFT_VERSION = 5.0;
				TARGETED_DEVICE_FAMILY = "1,2";
				TEST_HOST = "$(BUILT_PRODUCTS_DIR)/N1L2.app/$(BUNDLE_EXECUTABLE_FOLDER_PATH)/N1L2";
			};
			name = Release;
		};
		253B7ECF2BA266DD002C190E /* Debug */ = {
			isa = XCBuildConfiguration;
			buildSettings = {
				ALWAYS_EMBED_SWIFT_STANDARD_LIBRARIES = YES;
				CODE_SIGN_STYLE = Automatic;
				CURRENT_PROJECT_VERSION = 1;
				DEVELOPMENT_TEAM = W99RD333GT;
				GENERATE_INFOPLIST_FILE = YES;
				MARKETING_VERSION = 1.0;
				PRODUCT_BUNDLE_IDENTIFIER = DarkMoon.N1L2UITests;
				PRODUCT_NAME = "$(TARGET_NAME)";
				SWIFT_EMIT_LOC_STRINGS = NO;
				SWIFT_VERSION = 5.0;
				TARGETED_DEVICE_FAMILY = "1,2";
				TEST_TARGET_NAME = N1L2;
			};
			name = Debug;
		};
		253B7ED02BA266DD002C190E /* Release */ = {
			isa = XCBuildConfiguration;
			buildSettings = {
				ALWAYS_EMBED_SWIFT_STANDARD_LIBRARIES = YES;
				CODE_SIGN_STYLE = Automatic;
				CURRENT_PROJECT_VERSION = 1;
				DEVELOPMENT_TEAM = W99RD333GT;
				GENERATE_INFOPLIST_FILE = YES;
				MARKETING_VERSION = 1.0;
				PRODUCT_BUNDLE_IDENTIFIER = DarkMoon.N1L2UITests;
				PRODUCT_NAME = "$(TARGET_NAME)";
				SWIFT_EMIT_LOC_STRINGS = NO;
				SWIFT_VERSION = 5.0;
				TARGETED_DEVICE_FAMILY = "1,2";
				TEST_TARGET_NAME = N1L2;
			};
			name = Release;
		};
/* End XCBuildConfiguration section */

/* Begin XCConfigurationList section */
		253B7E9F2BA266D2002C190E /* Build configuration list for PBXProject "N1L2" */ = {
			isa = XCConfigurationList;
			buildConfigurations = (
				253B7EC62BA266DD002C190E /* Debug */,
				253B7EC72BA266DD002C190E /* Release */,
			);
			defaultConfigurationIsVisible = 0;
			defaultConfigurationName = Release;
		};
		253B7EC82BA266DD002C190E /* Build configuration list for PBXNativeTarget "N1L2" */ = {
			isa = XCConfigurationList;
			buildConfigurations = (
				253B7EC92BA266DD002C190E /* Debug */,
				253B7ECA2BA266DD002C190E /* Release */,
			);
			defaultConfigurationIsVisible = 0;
			defaultConfigurationName = Release;
		};
		253B7ECB2BA266DD002C190E /* Build configuration list for PBXNativeTarget "N1L2Tests" */ = {
			isa = XCConfigurationList;
			buildConfigurations = (
				253B7ECC2BA266DD002C190E /* Debug */,
				253B7ECD2BA266DD002C190E /* Release */,
			);
			defaultConfigurationIsVisible = 0;
			defaultConfigurationName = Release;
		};
		253B7ECE2BA266DD002C190E /* Build configuration list for PBXNativeTarget "N1L2UITests" */ = {
			isa = XCConfigurationList;
			buildConfigurations = (
				253B7ECF2BA266DD002C190E /* Debug */,
				253B7ED02BA266DD002C190E /* Release */,
			);
			defaultConfigurationIsVisible = 0;
			defaultConfigurationName = Release;
		};
/* End XCConfigurationList section */
	};
	rootObject = 253B7E9C2BA266D2002C190E /* Project object */;
}
